
Microsoft Visual Studio Solution File, Format Version 12.00
# Visual Studio 2015
Project("{FAE04EC0-301F-11D3-BF4B-00C04F79EFBC}") = "holojam-ikea.CSharp.Plugins", "holojam-ikea.CSharp.Plugins.csproj", "{8D1A4541-E194-46FB-39BF-53121670B2A9}"
EndProject
Project("{FAE04EC0-301F-11D3-BF4B-00C04F79EFBC}") = "holojam-ikea.CSharp", "holojam-ikea.CSharp.csproj", "{2EAF7979-76C9-3DE5-65FC-8F0D8DD33924}"
EndProject
Project("{FAE04EC0-301F-11D3-BF4B-00C04F79EFBC}") = "holojam-ikea.CSharp.Editor", "holojam-ikea.CSharp.Editor.csproj", "{A678A1EE-7A5D-8FA2-91D7-8312B90CAEBB}"
EndProject
Global
	GlobalSection(SolutionConfigurationPlatforms) = preSolution
		Debug|Any CPU = Debug|Any CPU
		Release|Any CPU = Release|Any CPU
	EndGlobalSection
	GlobalSection(ProjectConfigurationPlatforms) = postSolution
		{8D1A4541-E194-46FB-39BF-53121670B2A9}.Debug|Any CPU.ActiveCfg = Debug|Any CPU
		{8D1A4541-E194-46FB-39BF-53121670B2A9}.Debug|Any CPU.Build.0 = Debug|Any CPU
		{8D1A4541-E194-46FB-39BF-53121670B2A9}.Release|Any CPU.ActiveCfg = Release|Any CPU
		{8D1A4541-E194-46FB-39BF-53121670B2A9}.Release|Any CPU.Build.0 = Release|Any CPU
		{2EAF7979-76C9-3DE5-65FC-8F0D8DD33924}.Debug|Any CPU.ActiveCfg = Debug|Any CPU
		{2EAF7979-76C9-3DE5-65FC-8F0D8DD33924}.Debug|Any CPU.Build.0 = Debug|Any CPU
		{2EAF7979-76C9-3DE5-65FC-8F0D8DD33924}.Release|Any CPU.ActiveCfg = Release|Any CPU
		{2EAF7979-76C9-3DE5-65FC-8F0D8DD33924}.Release|Any CPU.Build.0 = Release|Any CPU
		{A678A1EE-7A5D-8FA2-91D7-8312B90CAEBB}.Debug|Any CPU.ActiveCfg = Debug|Any CPU
		{A678A1EE-7A5D-8FA2-91D7-8312B90CAEBB}.Debug|Any CPU.Build.0 = Debug|Any CPU
		{A678A1EE-7A5D-8FA2-91D7-8312B90CAEBB}.Release|Any CPU.ActiveCfg = Release|Any CPU
		{A678A1EE-7A5D-8FA2-91D7-8312B90CAEBB}.Release|Any CPU.Build.0 = Release|Any CPU
	EndGlobalSection
	GlobalSection(SolutionProperties) = preSolution
		HideSolutionNode = FALSE
	EndGlobalSection
EndGlobal
