
Microsoft Visual Studio Solution File, Format Version 12.00
# Visual Studio 2015
Project("{FAE04EC0-301F-11D3-BF4B-00C04F79EFBC}") = "Holojam-Ikea.CSharp.Plugins", "Holojam-Ikea.CSharp.Plugins.csproj", "{56C8427D-C7DF-FD91-6AC4-C1E7459CA473}"
EndProject
Project("{FAE04EC0-301F-11D3-BF4B-00C04F79EFBC}") = "Holojam-Ikea.CSharp", "Holojam-Ikea.CSharp.csproj", "{B813F2C6-D1D6-5878-451A-461D44EEB5C6}"
EndProject
Project("{FAE04EC0-301F-11D3-BF4B-00C04F79EFBC}") = "Holojam-Ikea.CSharp.Editor", "Holojam-Ikea.CSharp.Editor.csproj", "{B9383ACA-50BD-A2D5-5F52-C263C71887D0}"
EndProject
Global
	GlobalSection(SolutionConfigurationPlatforms) = preSolution
		Debug|Any CPU = Debug|Any CPU
		Release|Any CPU = Release|Any CPU
	EndGlobalSection
	GlobalSection(ProjectConfigurationPlatforms) = postSolution
		{56C8427D-C7DF-FD91-6AC4-C1E7459CA473}.Debug|Any CPU.ActiveCfg = Debug|Any CPU
		{56C8427D-C7DF-FD91-6AC4-C1E7459CA473}.Debug|Any CPU.Build.0 = Debug|Any CPU
		{56C8427D-C7DF-FD91-6AC4-C1E7459CA473}.Release|Any CPU.ActiveCfg = Release|Any CPU
		{56C8427D-C7DF-FD91-6AC4-C1E7459CA473}.Release|Any CPU.Build.0 = Release|Any CPU
		{B813F2C6-D1D6-5878-451A-461D44EEB5C6}.Debug|Any CPU.ActiveCfg = Debug|Any CPU
		{B813F2C6-D1D6-5878-451A-461D44EEB5C6}.Debug|Any CPU.Build.0 = Debug|Any CPU
		{B813F2C6-D1D6-5878-451A-461D44EEB5C6}.Release|Any CPU.ActiveCfg = Release|Any CPU
		{B813F2C6-D1D6-5878-451A-461D44EEB5C6}.Release|Any CPU.Build.0 = Release|Any CPU
		{B9383ACA-50BD-A2D5-5F52-C263C71887D0}.Debug|Any CPU.ActiveCfg = Debug|Any CPU
		{B9383ACA-50BD-A2D5-5F52-C263C71887D0}.Debug|Any CPU.Build.0 = Debug|Any CPU
		{B9383ACA-50BD-A2D5-5F52-C263C71887D0}.Release|Any CPU.ActiveCfg = Release|Any CPU
		{B9383ACA-50BD-A2D5-5F52-C263C71887D0}.Release|Any CPU.Build.0 = Release|Any CPU
	EndGlobalSection
	GlobalSection(SolutionProperties) = preSolution
		HideSolutionNode = FALSE
	EndGlobalSection
EndGlobal
